
Microsoft Visual Studio Solution File, Format Version 12.00
# Visual Studio Version 16
VisualStudioVersion = 16.0.31005.135
MinimumVisualStudioVersion = 10.0.40219.1
Project("{9A19103F-16F7-4668-BE54-9A1E7A4F7556}") = "BackEnd", "BackEnd\BackEnd.csproj", "{9468D7B9-4D2B-488F-AE81-83FAFF5906B4}"
EndProject
Project("{9A19103F-16F7-4668-BE54-9A1E7A4F7556}") = "Models", "Models\Models.csproj", "{89C03965-C225-45DE-A600-8C7C2B8020A1}"
EndProject
Project("{9A19103F-16F7-4668-BE54-9A1E7A4F7556}") = "Data", "Data\Data.csproj", "{2C1B7759-3C97-4873-8149-5A926B52144C}"
EndProject
Global
	GlobalSection(SolutionConfigurationPlatforms) = preSolution
		Debug|Any CPU = Debug|Any CPU
		Release|Any CPU = Release|Any CPU
	EndGlobalSection
	GlobalSection(ProjectConfigurationPlatforms) = postSolution
		{9468D7B9-4D2B-488F-AE81-83FAFF5906B4}.Debug|Any CPU.ActiveCfg = Debug|Any CPU
		{9468D7B9-4D2B-488F-AE81-83FAFF5906B4}.Debug|Any CPU.Build.0 = Debug|Any CPU
		{9468D7B9-4D2B-488F-AE81-83FAFF5906B4}.Release|Any CPU.ActiveCfg = Release|Any CPU
		{9468D7B9-4D2B-488F-AE81-83FAFF5906B4}.Release|Any CPU.Build.0 = Release|Any CPU
		{89C03965-C225-45DE-A600-8C7C2B8020A1}.Debug|Any CPU.ActiveCfg = Debug|Any CPU
		{89C03965-C225-45DE-A600-8C7C2B8020A1}.Debug|Any CPU.Build.0 = Debug|Any CPU
		{89C03965-C225-45DE-A600-8C7C2B8020A1}.Release|Any CPU.ActiveCfg = Release|Any CPU
		{89C03965-C225-45DE-A600-8C7C2B8020A1}.Release|Any CPU.Build.0 = Release|Any CPU
		{2C1B7759-3C97-4873-8149-5A926B52144C}.Debug|Any CPU.ActiveCfg = Debug|Any CPU
		{2C1B7759-3C97-4873-8149-5A926B52144C}.Debug|Any CPU.Build.0 = Debug|Any CPU
		{2C1B7759-3C97-4873-8149-5A926B52144C}.Release|Any CPU.ActiveCfg = Release|Any CPU
		{2C1B7759-3C97-4873-8149-5A926B52144C}.Release|Any CPU.Build.0 = Release|Any CPU
	EndGlobalSection
	GlobalSection(SolutionProperties) = preSolution
		HideSolutionNode = FALSE
	EndGlobalSection
	GlobalSection(ExtensibilityGlobals) = postSolution
		SolutionGuid = {BDFE331F-1784-424C-9839-346CC54FA213}
	EndGlobalSection
EndGlobal
